// !$*UTF8*$!
{
	archiveVersion = 1;
	classes = {
	};
	objectVersion = 55;
	objects = {

/* Begin PBXBuildFile section */
		002C137F2B466CC000E3AE7E /* DetailViewModelTest.swift in Sources */ = {isa = PBXBuildFile; fileRef = 002C137E2B466CC000E3AE7E /* DetailViewModelTest.swift */; };
		002C13812B466F8A00E3AE7E /* MockDetailViewModel.swift in Sources */ = {isa = PBXBuildFile; fileRef = 002C13802B466F8A00E3AE7E /* MockDetailViewModel.swift */; };
		002C13832B4671B000E3AE7E /* MockHomeViewModel.swift in Sources */ = {isa = PBXBuildFile; fileRef = 002C13822B4671B000E3AE7E /* MockHomeViewModel.swift */; };
		002C13852B46736000E3AE7E /* CategoryViewControllerTest.swift in Sources */ = {isa = PBXBuildFile; fileRef = 002C13842B46736000E3AE7E /* CategoryViewControllerTest.swift */; };
		002C13872B4673C200E3AE7E /* MockCategoryViewModel.swift in Sources */ = {isa = PBXBuildFile; fileRef = 002C13862B4673C200E3AE7E /* MockCategoryViewModel.swift */; };
		002C13892B46786C00E3AE7E /* MapViewControllerTest.swift in Sources */ = {isa = PBXBuildFile; fileRef = 002C13882B46786C00E3AE7E /* MapViewControllerTest.swift */; };
		009957D62B45F44B008AC07F /* MapViewController.swift in Sources */ = {isa = PBXBuildFile; fileRef = 009957D52B45F44B008AC07F /* MapViewController.swift */; };
		009957D82B460A07008AC07F /* CategoryViewController.swift in Sources */ = {isa = PBXBuildFile; fileRef = 009957D72B460A07008AC07F /* CategoryViewController.swift */; };
		009957DA2B460E11008AC07F /* CategoryUICollectionViewCell.swift in Sources */ = {isa = PBXBuildFile; fileRef = 009957D92B460E11008AC07F /* CategoryUICollectionViewCell.swift */; };
		009957DC2B4614EA008AC07F /* CategoryViewModel.swift in Sources */ = {isa = PBXBuildFile; fileRef = 009957DB2B4614EA008AC07F /* CategoryViewModel.swift */; };
		009957DF2B465B9B008AC07F /* HomeViewModelTest.swift in Sources */ = {isa = PBXBuildFile; fileRef = 009957DE2B465B9B008AC07F /* HomeViewModelTest.swift */; };
		009957E12B465BC0008AC07F /* MockAPIService.swift in Sources */ = {isa = PBXBuildFile; fileRef = 009957E02B465BC0008AC07F /* MockAPIService.swift */; };
		009957E32B466125008AC07F /* CategoryViewModelTest.swift in Sources */ = {isa = PBXBuildFile; fileRef = 009957E22B466125008AC07F /* CategoryViewModelTest.swift */; };
		4B5E034298A4081475AA9CD7 /* Pods_Recipes_RecipesTests.framework in Frameworks */ = {isa = PBXBuildFile; fileRef = 3F35AF7403A99E842B662A3C /* Pods_Recipes_RecipesTests.framework */; };
		5F1D690B27442142001EDDE7 /* DetailModel.swift in Sources */ = {isa = PBXBuildFile; fileRef = 5F1D690A27442142001EDDE7 /* DetailModel.swift */; };
		5F37523B2742C7620003D909 /* HomeViewModel.swift in Sources */ = {isa = PBXBuildFile; fileRef = 5F37523A2742C7620003D909 /* HomeViewModel.swift */; };
		5F37523E2742CD9A0003D909 /* APIService.swift in Sources */ = {isa = PBXBuildFile; fileRef = 5F37523D2742CD9A0003D909 /* APIService.swift */; };
		5F3AF78B2741B8AD0017E9E5 /* AppDelegate.swift in Sources */ = {isa = PBXBuildFile; fileRef = 5F3AF78A2741B8AD0017E9E5 /* AppDelegate.swift */; };
		5F3AF78D2741B8AD0017E9E5 /* SceneDelegate.swift in Sources */ = {isa = PBXBuildFile; fileRef = 5F3AF78C2741B8AD0017E9E5 /* SceneDelegate.swift */; };
		5F3AF78F2741B8AD0017E9E5 /* HomeViewController.swift in Sources */ = {isa = PBXBuildFile; fileRef = 5F3AF78E2741B8AD0017E9E5 /* HomeViewController.swift */; };
		5F3AF7922741B8AD0017E9E5 /* Main.storyboard in Resources */ = {isa = PBXBuildFile; fileRef = 5F3AF7902741B8AD0017E9E5 /* Main.storyboard */; };
		5F3AF7942741B8AE0017E9E5 /* Assets.xcassets in Resources */ = {isa = PBXBuildFile; fileRef = 5F3AF7932741B8AE0017E9E5 /* Assets.xcassets */; };
		5F3AF7972741B8AE0017E9E5 /* LaunchScreen.storyboard in Resources */ = {isa = PBXBuildFile; fileRef = 5F3AF7952741B8AE0017E9E5 /* LaunchScreen.storyboard */; };
		5F3AF7A22741B8AE0017E9E5 /* HomeViewControllerTest.swift in Sources */ = {isa = PBXBuildFile; fileRef = 5F3AF7A12741B8AE0017E9E5 /* HomeViewControllerTest.swift */; };
		5F3E7F232745D7D300DC218F /* DetailViewControllerTest.swift in Sources */ = {isa = PBXBuildFile; fileRef = 5F3E7F222745D7D300DC218F /* DetailViewControllerTest.swift */; };
		5F739B492744156200088549 /* DetailViewController.swift in Sources */ = {isa = PBXBuildFile; fileRef = 5F739B482744156200088549 /* DetailViewController.swift */; };
		5FA0F61727430AF400AF6D02 /* MealUITableViewCell.xib in Resources */ = {isa = PBXBuildFile; fileRef = 5FA0F61627430AF400AF6D02 /* MealUITableViewCell.xib */; };
		5FA0F61927430B2700AF6D02 /* MealUITableViewCell.swift in Sources */ = {isa = PBXBuildFile; fileRef = 5FA0F61827430B2700AF6D02 /* MealUITableViewCell.swift */; };
		5FB28A042742ABEB0072749A /* UISearchBar+Extension.swift in Sources */ = {isa = PBXBuildFile; fileRef = 5FB28A032742ABEB0072749A /* UISearchBar+Extension.swift */; };
		728A04F12A2D6996003EDACD /* MockURLSession.swift in Sources */ = {isa = PBXBuildFile; fileRef = 728A04F02A2D6996003EDACD /* MockURLSession.swift */; };
		728A04F32A2D6A2A003EDACD /* APIServiceTest.swift in Sources */ = {isa = PBXBuildFile; fileRef = 728A04F22A2D6A2A003EDACD /* APIServiceTest.swift */; };
		728A04F52A2D7106003EDACD /* MockConstants.swift in Sources */ = {isa = PBXBuildFile; fileRef = 728A04F42A2D7106003EDACD /* MockConstants.swift */; };
		72C50C042B44791B007DD317 /* APIRequest.swift in Sources */ = {isa = PBXBuildFile; fileRef = 72C50C032B44791B007DD317 /* APIRequest.swift */; };
		72C50C062B447AC0007DD317 /* Dictionary+Extension.swift in Sources */ = {isa = PBXBuildFile; fileRef = 72C50C052B447AC0007DD317 /* Dictionary+Extension.swift */; };
		72C50C0D2B44C220007DD317 /* CategoryModel.swift in Sources */ = {isa = PBXBuildFile; fileRef = 72C50C0C2B44C220007DD317 /* CategoryModel.swift */; };
		72C50C0F2B44CA04007DD317 /* HomeModel.swift in Sources */ = {isa = PBXBuildFile; fileRef = 72C50C0E2B44CA04007DD317 /* HomeModel.swift */; };
		72D078B32B451A9A005FF8BF /* URL+Extension.swift in Sources */ = {isa = PBXBuildFile; fileRef = 72D078B22B451A9A005FF8BF /* URL+Extension.swift */; };
		72E2104D2A2BD58D00B5C98A /* APIService+Extension.swift in Sources */ = {isa = PBXBuildFile; fileRef = 72E2104C2A2BD58D00B5C98A /* APIService+Extension.swift */; };
		72E2104F2A2C492000B5C98A /* DetailViewModel.swift in Sources */ = {isa = PBXBuildFile; fileRef = 72E2104E2A2C492000B5C98A /* DetailViewModel.swift */; };
		72E210512A2C49C100B5C98A /* BaseViewModel.swift in Sources */ = {isa = PBXBuildFile; fileRef = 72E210502A2C49C100B5C98A /* BaseViewModel.swift */; };
		E065E004959DBD4B152C7ABD /* Pods_Recipes.framework in Frameworks */ = {isa = PBXBuildFile; fileRef = 6A7F2675232BCF291B1F9DCF /* Pods_Recipes.framework */; };
/* End PBXBuildFile section */

/* Begin PBXContainerItemProxy section */
		5F3AF79E2741B8AE0017E9E5 /* PBXContainerItemProxy */ = {
			isa = PBXContainerItemProxy;
			containerPortal = 5F3AF77F2741B8AD0017E9E5 /* Project object */;
			proxyType = 1;
			remoteGlobalIDString = 5F3AF7862741B8AD0017E9E5;
			remoteInfo = "Test ML";
		};
/* End PBXContainerItemProxy section */

/* Begin PBXFileReference section */
		002C137E2B466CC000E3AE7E /* DetailViewModelTest.swift */ = {isa = PBXFileReference; lastKnownFileType = sourcecode.swift; path = DetailViewModelTest.swift; sourceTree = "<group>"; };
		002C13802B466F8A00E3AE7E /* MockDetailViewModel.swift */ = {isa = PBXFileReference; lastKnownFileType = sourcecode.swift; path = MockDetailViewModel.swift; sourceTree = "<group>"; };
		002C13822B4671B000E3AE7E /* MockHomeViewModel.swift */ = {isa = PBXFileReference; lastKnownFileType = sourcecode.swift; path = MockHomeViewModel.swift; sourceTree = "<group>"; };
		002C13842B46736000E3AE7E /* CategoryViewControllerTest.swift */ = {isa = PBXFileReference; lastKnownFileType = sourcecode.swift; path = CategoryViewControllerTest.swift; sourceTree = "<group>"; };
		002C13862B4673C200E3AE7E /* MockCategoryViewModel.swift */ = {isa = PBXFileReference; lastKnownFileType = sourcecode.swift; path = MockCategoryViewModel.swift; sourceTree = "<group>"; };
		002C13882B46786C00E3AE7E /* MapViewControllerTest.swift */ = {isa = PBXFileReference; lastKnownFileType = sourcecode.swift; path = MapViewControllerTest.swift; sourceTree = "<group>"; };
		009957D52B45F44B008AC07F /* MapViewController.swift */ = {isa = PBXFileReference; lastKnownFileType = sourcecode.swift; path = MapViewController.swift; sourceTree = "<group>"; };
		009957D72B460A07008AC07F /* CategoryViewController.swift */ = {isa = PBXFileReference; lastKnownFileType = sourcecode.swift; path = CategoryViewController.swift; sourceTree = "<group>"; };
		009957D92B460E11008AC07F /* CategoryUICollectionViewCell.swift */ = {isa = PBXFileReference; lastKnownFileType = sourcecode.swift; path = CategoryUICollectionViewCell.swift; sourceTree = "<group>"; };
		009957DB2B4614EA008AC07F /* CategoryViewModel.swift */ = {isa = PBXFileReference; lastKnownFileType = sourcecode.swift; path = CategoryViewModel.swift; sourceTree = "<group>"; };
		009957DE2B465B9B008AC07F /* HomeViewModelTest.swift */ = {isa = PBXFileReference; lastKnownFileType = sourcecode.swift; path = HomeViewModelTest.swift; sourceTree = "<group>"; };
		009957E02B465BC0008AC07F /* MockAPIService.swift */ = {isa = PBXFileReference; lastKnownFileType = sourcecode.swift; path = MockAPIService.swift; sourceTree = "<group>"; };
		009957E22B466125008AC07F /* CategoryViewModelTest.swift */ = {isa = PBXFileReference; lastKnownFileType = sourcecode.swift; path = CategoryViewModelTest.swift; sourceTree = "<group>"; };
		243E949E1ED5740740BEEE62 /* Pods-Recipes.debug.xcconfig */ = {isa = PBXFileReference; includeInIndex = 1; lastKnownFileType = text.xcconfig; name = "Pods-Recipes.debug.xcconfig"; path = "Target Support Files/Pods-Recipes/Pods-Recipes.debug.xcconfig"; sourceTree = "<group>"; };
		37C9DD2CEC881BBA64D7210D /* Pods-Recipes-RecipesTests.debug.xcconfig */ = {isa = PBXFileReference; includeInIndex = 1; lastKnownFileType = text.xcconfig; name = "Pods-Recipes-RecipesTests.debug.xcconfig"; path = "Target Support Files/Pods-Recipes-RecipesTests/Pods-Recipes-RecipesTests.debug.xcconfig"; sourceTree = "<group>"; };
		388C5E69557224F2E7886345 /* Pods-Recipes.release.xcconfig */ = {isa = PBXFileReference; includeInIndex = 1; lastKnownFileType = text.xcconfig; name = "Pods-Recipes.release.xcconfig"; path = "Target Support Files/Pods-Recipes/Pods-Recipes.release.xcconfig"; sourceTree = "<group>"; };
		3F35AF7403A99E842B662A3C /* Pods_Recipes_RecipesTests.framework */ = {isa = PBXFileReference; explicitFileType = wrapper.framework; includeInIndex = 0; path = Pods_Recipes_RecipesTests.framework; sourceTree = BUILT_PRODUCTS_DIR; };
		5F1D690A27442142001EDDE7 /* DetailModel.swift */ = {isa = PBXFileReference; lastKnownFileType = sourcecode.swift; path = DetailModel.swift; sourceTree = "<group>"; };
		5F37523A2742C7620003D909 /* HomeViewModel.swift */ = {isa = PBXFileReference; lastKnownFileType = sourcecode.swift; path = HomeViewModel.swift; sourceTree = "<group>"; };
		5F37523D2742CD9A0003D909 /* APIService.swift */ = {isa = PBXFileReference; lastKnownFileType = sourcecode.swift; path = APIService.swift; sourceTree = "<group>"; };
		5F3AF7872741B8AD0017E9E5 /* Recipes.app */ = {isa = PBXFileReference; explicitFileType = wrapper.application; includeInIndex = 0; path = Recipes.app; sourceTree = BUILT_PRODUCTS_DIR; };
		5F3AF78A2741B8AD0017E9E5 /* AppDelegate.swift */ = {isa = PBXFileReference; lastKnownFileType = sourcecode.swift; path = AppDelegate.swift; sourceTree = "<group>"; };
		5F3AF78C2741B8AD0017E9E5 /* SceneDelegate.swift */ = {isa = PBXFileReference; lastKnownFileType = sourcecode.swift; path = SceneDelegate.swift; sourceTree = "<group>"; };
		5F3AF78E2741B8AD0017E9E5 /* HomeViewController.swift */ = {isa = PBXFileReference; lastKnownFileType = sourcecode.swift; path = HomeViewController.swift; sourceTree = "<group>"; };
		5F3AF7912741B8AD0017E9E5 /* Base */ = {isa = PBXFileReference; lastKnownFileType = file.storyboard; name = Base; path = Base.lproj/Main.storyboard; sourceTree = "<group>"; };
		5F3AF7932741B8AE0017E9E5 /* Assets.xcassets */ = {isa = PBXFileReference; lastKnownFileType = folder.assetcatalog; path = Assets.xcassets; sourceTree = "<group>"; };
		5F3AF7962741B8AE0017E9E5 /* Base */ = {isa = PBXFileReference; lastKnownFileType = file.storyboard; name = Base; path = Base.lproj/LaunchScreen.storyboard; sourceTree = "<group>"; };
		5F3AF7982741B8AE0017E9E5 /* Info.plist */ = {isa = PBXFileReference; lastKnownFileType = text.plist.xml; path = Info.plist; sourceTree = "<group>"; };
		5F3AF79D2741B8AE0017E9E5 /* RecipesTests.xctest */ = {isa = PBXFileReference; explicitFileType = wrapper.cfbundle; includeInIndex = 0; path = RecipesTests.xctest; sourceTree = BUILT_PRODUCTS_DIR; };
		5F3AF7A12741B8AE0017E9E5 /* HomeViewControllerTest.swift */ = {isa = PBXFileReference; lastKnownFileType = sourcecode.swift; path = HomeViewControllerTest.swift; sourceTree = "<group>"; };
		5F3E7F222745D7D300DC218F /* DetailViewControllerTest.swift */ = {isa = PBXFileReference; lastKnownFileType = sourcecode.swift; path = DetailViewControllerTest.swift; sourceTree = "<group>"; };
		5F739B482744156200088549 /* DetailViewController.swift */ = {isa = PBXFileReference; lastKnownFileType = sourcecode.swift; path = DetailViewController.swift; sourceTree = "<group>"; };
		5FA0F61627430AF400AF6D02 /* MealUITableViewCell.xib */ = {isa = PBXFileReference; lastKnownFileType = file.xib; path = MealUITableViewCell.xib; sourceTree = "<group>"; };
		5FA0F61827430B2700AF6D02 /* MealUITableViewCell.swift */ = {isa = PBXFileReference; lastKnownFileType = sourcecode.swift; path = MealUITableViewCell.swift; sourceTree = "<group>"; };
		5FB28A032742ABEB0072749A /* UISearchBar+Extension.swift */ = {isa = PBXFileReference; lastKnownFileType = sourcecode.swift; path = "UISearchBar+Extension.swift"; sourceTree = "<group>"; };
		6A7F2675232BCF291B1F9DCF /* Pods_Recipes.framework */ = {isa = PBXFileReference; explicitFileType = wrapper.framework; includeInIndex = 0; path = Pods_Recipes.framework; sourceTree = BUILT_PRODUCTS_DIR; };
		721F01F4AF24E1E83CBA09D8 /* Pods-Recipes-RecipesTests.release.xcconfig */ = {isa = PBXFileReference; includeInIndex = 1; lastKnownFileType = text.xcconfig; name = "Pods-Recipes-RecipesTests.release.xcconfig"; path = "Target Support Files/Pods-Recipes-RecipesTests/Pods-Recipes-RecipesTests.release.xcconfig"; sourceTree = "<group>"; };
		728A04F02A2D6996003EDACD /* MockURLSession.swift */ = {isa = PBXFileReference; fileEncoding = 4; lastKnownFileType = sourcecode.swift; path = MockURLSession.swift; sourceTree = "<group>"; };
		728A04F22A2D6A2A003EDACD /* APIServiceTest.swift */ = {isa = PBXFileReference; lastKnownFileType = sourcecode.swift; path = APIServiceTest.swift; sourceTree = "<group>"; };
		728A04F42A2D7106003EDACD /* MockConstants.swift */ = {isa = PBXFileReference; fileEncoding = 4; lastKnownFileType = sourcecode.swift; path = MockConstants.swift; sourceTree = "<group>"; };
		72C50C032B44791B007DD317 /* APIRequest.swift */ = {isa = PBXFileReference; lastKnownFileType = sourcecode.swift; path = APIRequest.swift; sourceTree = "<group>"; };
		72C50C052B447AC0007DD317 /* Dictionary+Extension.swift */ = {isa = PBXFileReference; fileEncoding = 4; lastKnownFileType = sourcecode.swift; path = "Dictionary+Extension.swift"; sourceTree = "<group>"; };
		72C50C0C2B44C220007DD317 /* CategoryModel.swift */ = {isa = PBXFileReference; lastKnownFileType = sourcecode.swift; path = CategoryModel.swift; sourceTree = "<group>"; };
		72C50C0E2B44CA04007DD317 /* HomeModel.swift */ = {isa = PBXFileReference; lastKnownFileType = sourcecode.swift; path = HomeModel.swift; sourceTree = "<group>"; };
		72D078B22B451A9A005FF8BF /* URL+Extension.swift */ = {isa = PBXFileReference; fileEncoding = 4; lastKnownFileType = sourcecode.swift; path = "URL+Extension.swift"; sourceTree = "<group>"; };
		72E2104C2A2BD58D00B5C98A /* APIService+Extension.swift */ = {isa = PBXFileReference; lastKnownFileType = sourcecode.swift; path = "APIService+Extension.swift"; sourceTree = "<group>"; };
		72E2104E2A2C492000B5C98A /* DetailViewModel.swift */ = {isa = PBXFileReference; lastKnownFileType = sourcecode.swift; path = DetailViewModel.swift; sourceTree = "<group>"; };
		72E210502A2C49C100B5C98A /* BaseViewModel.swift */ = {isa = PBXFileReference; lastKnownFileType = sourcecode.swift; path = BaseViewModel.swift; sourceTree = "<group>"; };
/* End PBXFileReference section */

/* Begin PBXFrameworksBuildPhase section */
		5F3AF7842741B8AD0017E9E5 /* Frameworks */ = {
			isa = PBXFrameworksBuildPhase;
			buildActionMask = 2147483647;
			files = (
				E065E004959DBD4B152C7ABD /* Pods_Recipes.framework in Frameworks */,
			);
			runOnlyForDeploymentPostprocessing = 0;
		};
		5F3AF79A2741B8AE0017E9E5 /* Frameworks */ = {
			isa = PBXFrameworksBuildPhase;
			buildActionMask = 2147483647;
			files = (
				4B5E034298A4081475AA9CD7 /* Pods_Recipes_RecipesTests.framework in Frameworks */,
			);
			runOnlyForDeploymentPostprocessing = 0;
		};
/* End PBXFrameworksBuildPhase section */

/* Begin PBXGroup section */
		009957D42B45F413008AC07F /* Map */ = {
			isa = PBXGroup;
			children = (
				009957D52B45F44B008AC07F /* MapViewController.swift */,
			);
			path = Map;
			sourceTree = "<group>";
		};
		5D83C99C1632DD7238A1BC59 /* Pods */ = {
			isa = PBXGroup;
			children = (
				243E949E1ED5740740BEEE62 /* Pods-Recipes.debug.xcconfig */,
				388C5E69557224F2E7886345 /* Pods-Recipes.release.xcconfig */,
				37C9DD2CEC881BBA64D7210D /* Pods-Recipes-RecipesTests.debug.xcconfig */,
				721F01F4AF24E1E83CBA09D8 /* Pods-Recipes-RecipesTests.release.xcconfig */,
			);
			path = Pods;
			sourceTree = "<group>";
		};
		5F37523C2742CD880003D909 /* Services */ = {
			isa = PBXGroup;
			children = (
				5F37523D2742CD9A0003D909 /* APIService.swift */,
				72E2104C2A2BD58D00B5C98A /* APIService+Extension.swift */,
				72C50C032B44791B007DD317 /* APIRequest.swift */,
			);
			path = Services;
			sourceTree = "<group>";
		};
		5F3AF77E2741B8AD0017E9E5 = {
			isa = PBXGroup;
			children = (
				5F3AF7892741B8AD0017E9E5 /* Recipes */,
				5F3AF7A02741B8AE0017E9E5 /* RecipesTests */,
				5F3AF7882741B8AD0017E9E5 /* Products */,
				5D83C99C1632DD7238A1BC59 /* Pods */,
				7D36D965540F3D1B3AC9CF29 /* Frameworks */,
			);
			sourceTree = "<group>";
		};
		5F3AF7882741B8AD0017E9E5 /* Products */ = {
			isa = PBXGroup;
			children = (
				5F3AF7872741B8AD0017E9E5 /* Recipes.app */,
				5F3AF79D2741B8AE0017E9E5 /* RecipesTests.xctest */,
			);
			name = Products;
			sourceTree = "<group>";
		};
		5F3AF7892741B8AD0017E9E5 /* Recipes */ = {
			isa = PBXGroup;
			children = (
				72C50C0B2B44C1B5007DD317 /* Common */,
				72C50C072B44C160007DD317 /* Modules */,
				5F3AF7C02741BB050017E9E5 /* StoryBoards */,
				5FA0F61527430AD900AF6D02 /* Cells */,
				5F3AF78A2741B8AD0017E9E5 /* AppDelegate.swift */,
				5F3AF78C2741B8AD0017E9E5 /* SceneDelegate.swift */,
				5F3AF7932741B8AE0017E9E5 /* Assets.xcassets */,
				5F3AF7982741B8AE0017E9E5 /* Info.plist */,
			);
			path = Recipes;
			sourceTree = "<group>";
		};
		5F3AF7A02741B8AE0017E9E5 /* RecipesTests */ = {
			isa = PBXGroup;
			children = (
				5F3E7F1F2745CEC300DC218F /* MockTest */,
				5F3AF7A12741B8AE0017E9E5 /* HomeViewControllerTest.swift */,
				5F3E7F222745D7D300DC218F /* DetailViewControllerTest.swift */,
				002C13842B46736000E3AE7E /* CategoryViewControllerTest.swift */,
				002C13882B46786C00E3AE7E /* MapViewControllerTest.swift */,
				728A04F22A2D6A2A003EDACD /* APIServiceTest.swift */,
				009957DE2B465B9B008AC07F /* HomeViewModelTest.swift */,
				009957E22B466125008AC07F /* CategoryViewModelTest.swift */,
				002C137E2B466CC000E3AE7E /* DetailViewModelTest.swift */,
			);
			path = RecipesTests;
			sourceTree = "<group>";
		};
		5F3AF7C02741BB050017E9E5 /* StoryBoards */ = {
			isa = PBXGroup;
			children = (
				5F3AF7952741B8AE0017E9E5 /* LaunchScreen.storyboard */,
				5F3AF7902741B8AD0017E9E5 /* Main.storyboard */,
			);
			path = StoryBoards;
			sourceTree = "<group>";
		};
		5F3E7F1F2745CEC300DC218F /* MockTest */ = {
			isa = PBXGroup;
			children = (
				728A04F42A2D7106003EDACD /* MockConstants.swift */,
				728A04F02A2D6996003EDACD /* MockURLSession.swift */,
				009957E02B465BC0008AC07F /* MockAPIService.swift */,
				002C13802B466F8A00E3AE7E /* MockDetailViewModel.swift */,
				002C13822B4671B000E3AE7E /* MockHomeViewModel.swift */,
				002C13862B4673C200E3AE7E /* MockCategoryViewModel.swift */,
			);
			path = MockTest;
			sourceTree = "<group>";
		};
		5FA0F61527430AD900AF6D02 /* Cells */ = {
			isa = PBXGroup;
			children = (
				5FA0F61627430AF400AF6D02 /* MealUITableViewCell.xib */,
				5FA0F61827430B2700AF6D02 /* MealUITableViewCell.swift */,
				009957D92B460E11008AC07F /* CategoryUICollectionViewCell.swift */,
			);
			path = Cells;
			sourceTree = "<group>";
		};
		5FB28A022742ABCA0072749A /* Extension */ = {
			isa = PBXGroup;
			children = (
				5FB28A032742ABEB0072749A /* UISearchBar+Extension.swift */,
				72C50C052B447AC0007DD317 /* Dictionary+Extension.swift */,
				72D078B22B451A9A005FF8BF /* URL+Extension.swift */,
			);
			path = Extension;
			sourceTree = "<group>";
		};
		72C50C072B44C160007DD317 /* Modules */ = {
			isa = PBXGroup;
			children = (
				72C50C102B44CA27007DD317 /* Base */,
				72C50C082B44C166007DD317 /* Category */,
				72C50C092B44C170007DD317 /* Home */,
				72C50C0A2B44C192007DD317 /* Detail */,
				009957D42B45F413008AC07F /* Map */,
			);
			path = Modules;
			sourceTree = "<group>";
		};
		72C50C082B44C166007DD317 /* Category */ = {
			isa = PBXGroup;
			children = (
				72C50C0C2B44C220007DD317 /* CategoryModel.swift */,
				009957DB2B4614EA008AC07F /* CategoryViewModel.swift */,
				009957D72B460A07008AC07F /* CategoryViewController.swift */,
			);
			path = Category;
			sourceTree = "<group>";
		};
		72C50C092B44C170007DD317 /* Home */ = {
			isa = PBXGroup;
			children = (
				72C50C0E2B44CA04007DD317 /* HomeModel.swift */,
				5F37523A2742C7620003D909 /* HomeViewModel.swift */,
				5F3AF78E2741B8AD0017E9E5 /* HomeViewController.swift */,
			);
			path = Home;
			sourceTree = "<group>";
		};
		72C50C0A2B44C192007DD317 /* Detail */ = {
			isa = PBXGroup;
			children = (
				5F1D690A27442142001EDDE7 /* DetailModel.swift */,
				72E2104E2A2C492000B5C98A /* DetailViewModel.swift */,
				5F739B482744156200088549 /* DetailViewController.swift */,
			);
			path = Detail;
			sourceTree = "<group>";
		};
		72C50C0B2B44C1B5007DD317 /* Common */ = {
			isa = PBXGroup;
			children = (
				5F37523C2742CD880003D909 /* Services */,
				5FB28A022742ABCA0072749A /* Extension */,
			);
			path = Common;
			sourceTree = "<group>";
		};
		72C50C102B44CA27007DD317 /* Base */ = {
			isa = PBXGroup;
			children = (
				72E210502A2C49C100B5C98A /* BaseViewModel.swift */,
			);
			path = Base;
			sourceTree = "<group>";
		};
		7D36D965540F3D1B3AC9CF29 /* Frameworks */ = {
			isa = PBXGroup;
			children = (
				6A7F2675232BCF291B1F9DCF /* Pods_Recipes.framework */,
				3F35AF7403A99E842B662A3C /* Pods_Recipes_RecipesTests.framework */,
			);
			name = Frameworks;
			sourceTree = "<group>";
		};
/* End PBXGroup section */

/* Begin PBXNativeTarget section */
		5F3AF7862741B8AD0017E9E5 /* Recipes */ = {
			isa = PBXNativeTarget;
			buildConfigurationList = 5F3AF7B12741B8AF0017E9E5 /* Build configuration list for PBXNativeTarget "Recipes" */;
			buildPhases = (
				5D012CB547B32890CF08249D /* [CP] Check Pods Manifest.lock */,
				5F3AF7832741B8AD0017E9E5 /* Sources */,
				5F3AF7842741B8AD0017E9E5 /* Frameworks */,
				5F3AF7852741B8AD0017E9E5 /* Resources */,
				72E210532A2C544B00B5C98A /* Run Script SwiftLint */,
				F6B3C04D3C35DCAD1E295523 /* [CP] Embed Pods Frameworks */,
			);
			buildRules = (
			);
			dependencies = (
			);
			name = Recipes;
			productName = "Test ML";
			productReference = 5F3AF7872741B8AD0017E9E5 /* Recipes.app */;
			productType = "com.apple.product-type.application";
		};
		5F3AF79C2741B8AE0017E9E5 /* RecipesTests */ = {
			isa = PBXNativeTarget;
			buildConfigurationList = 5F3AF7B42741B8AF0017E9E5 /* Build configuration list for PBXNativeTarget "RecipesTests" */;
			buildPhases = (
				C71B7E67E3488E03E9305999 /* [CP] Check Pods Manifest.lock */,
				5F3AF7992741B8AE0017E9E5 /* Sources */,
				5F3AF79A2741B8AE0017E9E5 /* Frameworks */,
				5F3AF79B2741B8AE0017E9E5 /* Resources */,
				A64C9C0A6EB132F8FECA47CB /* [CP] Embed Pods Frameworks */,
			);
			buildRules = (
			);
			dependencies = (
				5F3AF79F2741B8AE0017E9E5 /* PBXTargetDependency */,
			);
			name = RecipesTests;
			productName = "Test MLTests";
			productReference = 5F3AF79D2741B8AE0017E9E5 /* RecipesTests.xctest */;
			productType = "com.apple.product-type.bundle.unit-test";
		};
/* End PBXNativeTarget section */

/* Begin PBXProject section */
		5F3AF77F2741B8AD0017E9E5 /* Project object */ = {
			isa = PBXProject;
			attributes = {
				BuildIndependentTargetsInParallel = 1;
				LastSwiftUpdateCheck = 1300;
				LastUpgradeCheck = 1510;
				TargetAttributes = {
					5F3AF7862741B8AD0017E9E5 = {
						CreatedOnToolsVersion = 13.0;
					};
					5F3AF79C2741B8AE0017E9E5 = {
						CreatedOnToolsVersion = 13.0;
						TestTargetID = 5F3AF7862741B8AD0017E9E5;
					};
				};
			};
			buildConfigurationList = 5F3AF7822741B8AD0017E9E5 /* Build configuration list for PBXProject "Recipes" */;
			compatibilityVersion = "Xcode 13.0";
			developmentRegion = en;
			hasScannedForEncodings = 0;
			knownRegions = (
				en,
				Base,
			);
			mainGroup = 5F3AF77E2741B8AD0017E9E5;
			productRefGroup = 5F3AF7882741B8AD0017E9E5 /* Products */;
			projectDirPath = "";
			projectRoot = "";
			targets = (
				5F3AF7862741B8AD0017E9E5 /* Recipes */,
				5F3AF79C2741B8AE0017E9E5 /* RecipesTests */,
			);
		};
/* End PBXProject section */

/* Begin PBXResourcesBuildPhase section */
		5F3AF7852741B8AD0017E9E5 /* Resources */ = {
			isa = PBXResourcesBuildPhase;
			buildActionMask = 2147483647;
			files = (
				5FA0F61727430AF400AF6D02 /* MealUITableViewCell.xib in Resources */,
				5F3AF7972741B8AE0017E9E5 /* LaunchScreen.storyboard in Resources */,
				5F3AF7942741B8AE0017E9E5 /* Assets.xcassets in Resources */,
				5F3AF7922741B8AD0017E9E5 /* Main.storyboard in Resources */,
			);
			runOnlyForDeploymentPostprocessing = 0;
		};
		5F3AF79B2741B8AE0017E9E5 /* Resources */ = {
			isa = PBXResourcesBuildPhase;
			buildActionMask = 2147483647;
			files = (
			);
			runOnlyForDeploymentPostprocessing = 0;
		};
/* End PBXResourcesBuildPhase section */

/* Begin PBXShellScriptBuildPhase section */
		5D012CB547B32890CF08249D /* [CP] Check Pods Manifest.lock */ = {
			isa = PBXShellScriptBuildPhase;
			buildActionMask = 2147483647;
			files = (
			);
			inputFileListPaths = (
			);
			inputPaths = (
				"${PODS_PODFILE_DIR_PATH}/Podfile.lock",
				"${PODS_ROOT}/Manifest.lock",
			);
			name = "[CP] Check Pods Manifest.lock";
			outputFileListPaths = (
			);
			outputPaths = (
				"$(DERIVED_FILE_DIR)/Pods-Recipes-checkManifestLockResult.txt",
			);
			runOnlyForDeploymentPostprocessing = 0;
			shellPath = /bin/sh;
			shellScript = "diff \"${PODS_PODFILE_DIR_PATH}/Podfile.lock\" \"${PODS_ROOT}/Manifest.lock\" > /dev/null\nif [ $? != 0 ] ; then\n    # print error to STDERR\n    echo \"error: The sandbox is not in sync with the Podfile.lock. Run 'pod install' or update your CocoaPods installation.\" >&2\n    exit 1\nfi\n# This output is used by Xcode 'outputs' to avoid re-running this script phase.\necho \"SUCCESS\" > \"${SCRIPT_OUTPUT_FILE_0}\"\n";
			showEnvVarsInLog = 0;
		};
		72E210532A2C544B00B5C98A /* Run Script SwiftLint */ = {
			isa = PBXShellScriptBuildPhase;
			alwaysOutOfDate = 1;
			buildActionMask = 2147483647;
			files = (
			);
			inputFileListPaths = (
			);
			inputPaths = (
			);
			name = "Run Script SwiftLint";
			outputFileListPaths = (
			);
			outputPaths = (
			);
			runOnlyForDeploymentPostprocessing = 0;
			shellPath = /bin/sh;
			shellScript = "# Type a script or drag a script file from your workspace to insert its path.\n${PODS_ROOT}/SwiftLint/swiftlint\n";
		};
		A64C9C0A6EB132F8FECA47CB /* [CP] Embed Pods Frameworks */ = {
			isa = PBXShellScriptBuildPhase;
			buildActionMask = 2147483647;
			files = (
			);
			inputFileListPaths = (
				"${PODS_ROOT}/Target Support Files/Pods-Recipes-RecipesTests/Pods-Recipes-RecipesTests-frameworks-${CONFIGURATION}-input-files.xcfilelist",
			);
			name = "[CP] Embed Pods Frameworks";
			outputFileListPaths = (
				"${PODS_ROOT}/Target Support Files/Pods-Recipes-RecipesTests/Pods-Recipes-RecipesTests-frameworks-${CONFIGURATION}-output-files.xcfilelist",
			);
			runOnlyForDeploymentPostprocessing = 0;
			shellPath = /bin/sh;
			shellScript = "\"${PODS_ROOT}/Target Support Files/Pods-Recipes-RecipesTests/Pods-Recipes-RecipesTests-frameworks.sh\"\n";
			showEnvVarsInLog = 0;
		};
		C71B7E67E3488E03E9305999 /* [CP] Check Pods Manifest.lock */ = {
			isa = PBXShellScriptBuildPhase;
			buildActionMask = 2147483647;
			files = (
			);
			inputFileListPaths = (
			);
			inputPaths = (
				"${PODS_PODFILE_DIR_PATH}/Podfile.lock",
				"${PODS_ROOT}/Manifest.lock",
			);
			name = "[CP] Check Pods Manifest.lock";
			outputFileListPaths = (
			);
			outputPaths = (
				"$(DERIVED_FILE_DIR)/Pods-Recipes-RecipesTests-checkManifestLockResult.txt",
			);
			runOnlyForDeploymentPostprocessing = 0;
			shellPath = /bin/sh;
			shellScript = "diff \"${PODS_PODFILE_DIR_PATH}/Podfile.lock\" \"${PODS_ROOT}/Manifest.lock\" > /dev/null\nif [ $? != 0 ] ; then\n    # print error to STDERR\n    echo \"error: The sandbox is not in sync with the Podfile.lock. Run 'pod install' or update your CocoaPods installation.\" >&2\n    exit 1\nfi\n# This output is used by Xcode 'outputs' to avoid re-running this script phase.\necho \"SUCCESS\" > \"${SCRIPT_OUTPUT_FILE_0}\"\n";
			showEnvVarsInLog = 0;
		};
		F6B3C04D3C35DCAD1E295523 /* [CP] Embed Pods Frameworks */ = {
			isa = PBXShellScriptBuildPhase;
			buildActionMask = 2147483647;
			files = (
			);
			inputFileListPaths = (
				"${PODS_ROOT}/Target Support Files/Pods-Recipes/Pods-Recipes-frameworks-${CONFIGURATION}-input-files.xcfilelist",
			);
			name = "[CP] Embed Pods Frameworks";
			outputFileListPaths = (
				"${PODS_ROOT}/Target Support Files/Pods-Recipes/Pods-Recipes-frameworks-${CONFIGURATION}-output-files.xcfilelist",
			);
			runOnlyForDeploymentPostprocessing = 0;
			shellPath = /bin/sh;
			shellScript = "\"${PODS_ROOT}/Target Support Files/Pods-Recipes/Pods-Recipes-frameworks.sh\"\n";
			showEnvVarsInLog = 0;
		};
/* End PBXShellScriptBuildPhase section */

/* Begin PBXSourcesBuildPhase section */
		5F3AF7832741B8AD0017E9E5 /* Sources */ = {
			isa = PBXSourcesBuildPhase;
			buildActionMask = 2147483647;
			files = (
				009957D82B460A07008AC07F /* CategoryViewController.swift in Sources */,
				5F739B492744156200088549 /* DetailViewController.swift in Sources */,
				5F37523B2742C7620003D909 /* HomeViewModel.swift in Sources */,
				72E2104D2A2BD58D00B5C98A /* APIService+Extension.swift in Sources */,
				5F3AF78F2741B8AD0017E9E5 /* HomeViewController.swift in Sources */,
				72E210512A2C49C100B5C98A /* BaseViewModel.swift in Sources */,
				5FB28A042742ABEB0072749A /* UISearchBar+Extension.swift in Sources */,
				009957D62B45F44B008AC07F /* MapViewController.swift in Sources */,
				5F3AF78B2741B8AD0017E9E5 /* AppDelegate.swift in Sources */,
				72C50C0F2B44CA04007DD317 /* HomeModel.swift in Sources */,
				72C50C062B447AC0007DD317 /* Dictionary+Extension.swift in Sources */,
				5F37523E2742CD9A0003D909 /* APIService.swift in Sources */,
				009957DA2B460E11008AC07F /* CategoryUICollectionViewCell.swift in Sources */,
				009957DC2B4614EA008AC07F /* CategoryViewModel.swift in Sources */,
				72D078B32B451A9A005FF8BF /* URL+Extension.swift in Sources */,
				5FA0F61927430B2700AF6D02 /* MealUITableViewCell.swift in Sources */,
				72C50C0D2B44C220007DD317 /* CategoryModel.swift in Sources */,
				5F1D690B27442142001EDDE7 /* DetailModel.swift in Sources */,
				72C50C042B44791B007DD317 /* APIRequest.swift in Sources */,
				72E2104F2A2C492000B5C98A /* DetailViewModel.swift in Sources */,
				5F3AF78D2741B8AD0017E9E5 /* SceneDelegate.swift in Sources */,
			);
			runOnlyForDeploymentPostprocessing = 0;
		};
		5F3AF7992741B8AE0017E9E5 /* Sources */ = {
			isa = PBXSourcesBuildPhase;
			buildActionMask = 2147483647;
			files = (
				009957E32B466125008AC07F /* CategoryViewModelTest.swift in Sources */,
				002C13892B46786C00E3AE7E /* MapViewControllerTest.swift in Sources */,
				728A04F12A2D6996003EDACD /* MockURLSession.swift in Sources */,
				728A04F32A2D6A2A003EDACD /* APIServiceTest.swift in Sources */,
				728A04F52A2D7106003EDACD /* MockConstants.swift in Sources */,
				002C13852B46736000E3AE7E /* CategoryViewControllerTest.swift in Sources */,
				009957E12B465BC0008AC07F /* MockAPIService.swift in Sources */,
				002C13872B4673C200E3AE7E /* MockCategoryViewModel.swift in Sources */,
				009957DF2B465B9B008AC07F /* HomeViewModelTest.swift in Sources */,
				002C137F2B466CC000E3AE7E /* DetailViewModelTest.swift in Sources */,
				002C13812B466F8A00E3AE7E /* MockDetailViewModel.swift in Sources */,
				5F3AF7A22741B8AE0017E9E5 /* HomeViewControllerTest.swift in Sources */,
				002C13832B4671B000E3AE7E /* MockHomeViewModel.swift in Sources */,
				5F3E7F232745D7D300DC218F /* DetailViewControllerTest.swift in Sources */,
			);
			runOnlyForDeploymentPostprocessing = 0;
		};
/* End PBXSourcesBuildPhase section */

/* Begin PBXTargetDependency section */
		5F3AF79F2741B8AE0017E9E5 /* PBXTargetDependency */ = {
			isa = PBXTargetDependency;
			target = 5F3AF7862741B8AD0017E9E5 /* Recipes */;
			targetProxy = 5F3AF79E2741B8AE0017E9E5 /* PBXContainerItemProxy */;
		};
/* End PBXTargetDependency section */

/* Begin PBXVariantGroup section */
		5F3AF7902741B8AD0017E9E5 /* Main.storyboard */ = {
			isa = PBXVariantGroup;
			children = (
				5F3AF7912741B8AD0017E9E5 /* Base */,
			);
			name = Main.storyboard;
			sourceTree = "<group>";
		};
		5F3AF7952741B8AE0017E9E5 /* LaunchScreen.storyboard */ = {
			isa = PBXVariantGroup;
			children = (
				5F3AF7962741B8AE0017E9E5 /* Base */,
			);
			name = LaunchScreen.storyboard;
			sourceTree = "<group>";
		};
/* End PBXVariantGroup section */

/* Begin XCBuildConfiguration section */
		5F3AF7AF2741B8AF0017E9E5 /* Debug */ = {
			isa = XCBuildConfiguration;
			buildSettings = {
				ALWAYS_SEARCH_USER_PATHS = NO;
				CLANG_ANALYZER_NONNULL = YES;
				CLANG_ANALYZER_NUMBER_OBJECT_CONVERSION = YES_AGGRESSIVE;
				CLANG_CXX_LANGUAGE_STANDARD = "gnu++17";
				CLANG_CXX_LIBRARY = "libc++";
				CLANG_ENABLE_MODULES = YES;
				CLANG_ENABLE_OBJC_ARC = YES;
				CLANG_ENABLE_OBJC_WEAK = YES;
				CLANG_WARN_BLOCK_CAPTURE_AUTORELEASING = YES;
				CLANG_WARN_BOOL_CONVERSION = YES;
				CLANG_WARN_COMMA = YES;
				CLANG_WARN_CONSTANT_CONVERSION = YES;
				CLANG_WARN_DEPRECATED_OBJC_IMPLEMENTATIONS = YES;
				CLANG_WARN_DIRECT_OBJC_ISA_USAGE = YES_ERROR;
				CLANG_WARN_DOCUMENTATION_COMMENTS = YES;
				CLANG_WARN_EMPTY_BODY = YES;
				CLANG_WARN_ENUM_CONVERSION = YES;
				CLANG_WARN_INFINITE_RECURSION = YES;
				CLANG_WARN_INT_CONVERSION = YES;
				CLANG_WARN_NON_LITERAL_NULL_CONVERSION = YES;
				CLANG_WARN_OBJC_IMPLICIT_RETAIN_SELF = YES;
				CLANG_WARN_OBJC_LITERAL_CONVERSION = YES;
				CLANG_WARN_OBJC_ROOT_CLASS = YES_ERROR;
				CLANG_WARN_QUOTED_INCLUDE_IN_FRAMEWORK_HEADER = YES;
				CLANG_WARN_RANGE_LOOP_ANALYSIS = YES;
				CLANG_WARN_STRICT_PROTOTYPES = YES;
				CLANG_WARN_SUSPICIOUS_MOVE = YES;
				CLANG_WARN_UNGUARDED_AVAILABILITY = YES_AGGRESSIVE;
				CLANG_WARN_UNREACHABLE_CODE = YES;
				CLANG_WARN__DUPLICATE_METHOD_MATCH = YES;
				COPY_PHASE_STRIP = NO;
				DEBUG_INFORMATION_FORMAT = dwarf;
				ENABLE_STRICT_OBJC_MSGSEND = YES;
				ENABLE_TESTABILITY = YES;
				ENABLE_USER_SCRIPT_SANDBOXING = NO;
				GCC_C_LANGUAGE_STANDARD = gnu11;
				GCC_DYNAMIC_NO_PIC = NO;
				GCC_NO_COMMON_BLOCKS = YES;
				GCC_OPTIMIZATION_LEVEL = 0;
				GCC_PREPROCESSOR_DEFINITIONS = (
					"DEBUG=1",
					"$(inherited)",
				);
				GCC_WARN_64_TO_32_BIT_CONVERSION = YES;
				GCC_WARN_ABOUT_RETURN_TYPE = YES_ERROR;
				GCC_WARN_UNDECLARED_SELECTOR = YES;
				GCC_WARN_UNINITIALIZED_AUTOS = YES_AGGRESSIVE;
				GCC_WARN_UNUSED_FUNCTION = YES;
				GCC_WARN_UNUSED_VARIABLE = YES;
				IPHONEOS_DEPLOYMENT_TARGET = 16.4;
				MTL_ENABLE_DEBUG_INFO = INCLUDE_SOURCE;
				MTL_FAST_MATH = YES;
				ONLY_ACTIVE_ARCH = YES;
				SDKROOT = iphoneos;
				SWIFT_ACTIVE_COMPILATION_CONDITIONS = DEBUG;
				SWIFT_OPTIMIZATION_LEVEL = "-Onone";
			};
			name = Debug;
		};
		5F3AF7B02741B8AF0017E9E5 /* Release */ = {
			isa = XCBuildConfiguration;
			buildSettings = {
				ALWAYS_SEARCH_USER_PATHS = NO;
				CLANG_ANALYZER_NONNULL = YES;
				CLANG_ANALYZER_NUMBER_OBJECT_CONVERSION = YES_AGGRESSIVE;
				CLANG_CXX_LANGUAGE_STANDARD = "gnu++17";
				CLANG_CXX_LIBRARY = "libc++";
				CLANG_ENABLE_MODULES = YES;
				CLANG_ENABLE_OBJC_ARC = YES;
				CLANG_ENABLE_OBJC_WEAK = YES;
				CLANG_WARN_BLOCK_CAPTURE_AUTORELEASING = YES;
				CLANG_WARN_BOOL_CONVERSION = YES;
				CLANG_WARN_COMMA = YES;
				CLANG_WARN_CONSTANT_CONVERSION = YES;
				CLANG_WARN_DEPRECATED_OBJC_IMPLEMENTATIONS = YES;
				CLANG_WARN_DIRECT_OBJC_ISA_USAGE = YES_ERROR;
				CLANG_WARN_DOCUMENTATION_COMMENTS = YES;
				CLANG_WARN_EMPTY_BODY = YES;
				CLANG_WARN_ENUM_CONVERSION = YES;
				CLANG_WARN_INFINITE_RECURSION = YES;
				CLANG_WARN_INT_CONVERSION = YES;
				CLANG_WARN_NON_LITERAL_NULL_CONVERSION = YES;
				CLANG_WARN_OBJC_IMPLICIT_RETAIN_SELF = YES;
				CLANG_WARN_OBJC_LITERAL_CONVERSION = YES;
				CLANG_WARN_OBJC_ROOT_CLASS = YES_ERROR;
				CLANG_WARN_QUOTED_INCLUDE_IN_FRAMEWORK_HEADER = YES;
				CLANG_WARN_RANGE_LOOP_ANALYSIS = YES;
				CLANG_WARN_STRICT_PROTOTYPES = YES;
				CLANG_WARN_SUSPICIOUS_MOVE = YES;
				CLANG_WARN_UNGUARDED_AVAILABILITY = YES_AGGRESSIVE;
				CLANG_WARN_UNREACHABLE_CODE = YES;
				CLANG_WARN__DUPLICATE_METHOD_MATCH = YES;
				COPY_PHASE_STRIP = NO;
				DEBUG_INFORMATION_FORMAT = "dwarf-with-dsym";
				ENABLE_NS_ASSERTIONS = NO;
				ENABLE_STRICT_OBJC_MSGSEND = YES;
				ENABLE_USER_SCRIPT_SANDBOXING = NO;
				GCC_C_LANGUAGE_STANDARD = gnu11;
				GCC_NO_COMMON_BLOCKS = YES;
				GCC_WARN_64_TO_32_BIT_CONVERSION = YES;
				GCC_WARN_ABOUT_RETURN_TYPE = YES_ERROR;
				GCC_WARN_UNDECLARED_SELECTOR = YES;
				GCC_WARN_UNINITIALIZED_AUTOS = YES_AGGRESSIVE;
				GCC_WARN_UNUSED_FUNCTION = YES;
				GCC_WARN_UNUSED_VARIABLE = YES;
				IPHONEOS_DEPLOYMENT_TARGET = 16.4;
				MTL_ENABLE_DEBUG_INFO = NO;
				MTL_FAST_MATH = YES;
				SDKROOT = iphoneos;
				SWIFT_COMPILATION_MODE = wholemodule;
				SWIFT_OPTIMIZATION_LEVEL = "-O";
				VALIDATE_PRODUCT = YES;
			};
			name = Release;
		};
		5F3AF7B22741B8AF0017E9E5 /* Debug */ = {
			isa = XCBuildConfiguration;
			baseConfigurationReference = 243E949E1ED5740740BEEE62 /* Pods-Recipes.debug.xcconfig */;
			buildSettings = {
				ALWAYS_EMBED_SWIFT_STANDARD_LIBRARIES = "$(inherited)";
				ASSETCATALOG_COMPILER_APPICON_NAME = AppIcon;
				ASSETCATALOG_COMPILER_GLOBAL_ACCENT_COLOR_NAME = AccentColor;
				CODE_SIGN_IDENTITY = "Apple Development";
				CODE_SIGN_STYLE = Automatic;
				CURRENT_PROJECT_VERSION = 1;
				DEVELOPMENT_TEAM = 69X2QW4Q3B;
				ENABLE_USER_SCRIPT_SANDBOXING = NO;
				GENERATE_INFOPLIST_FILE = YES;
				INFOPLIST_FILE = Recipes/Info.plist;
				INFOPLIST_KEY_CFBundleDisplayName = Recipes;
				INFOPLIST_KEY_LSApplicationCategoryType = "public.app-category.utilities";
				INFOPLIST_KEY_UIApplicationSupportsIndirectInputEvents = YES;
				INFOPLIST_KEY_UILaunchStoryboardName = LaunchScreen;
				INFOPLIST_KEY_UIMainStoryboardFile = LaunchScreen;
				INFOPLIST_KEY_UIStatusBarStyle = "";
				INFOPLIST_KEY_UISupportedInterfaceOrientations = "UIInterfaceOrientationPortrait UIInterfaceOrientationLandscapeLeft UIInterfaceOrientationLandscapeRight";
				INFOPLIST_KEY_UISupportedInterfaceOrientations_iPad = "UIInterfaceOrientationPortrait UIInterfaceOrientationPortraitUpsideDown UIInterfaceOrientationLandscapeLeft UIInterfaceOrientationLandscapeRight";
				INFOPLIST_KEY_UISupportedInterfaceOrientations_iPhone = "UIInterfaceOrientationPortrait UIInterfaceOrientationLandscapeLeft UIInterfaceOrientationLandscapeRight";
				IPHONEOS_DEPLOYMENT_TARGET = 16.4;
				LD_RUNPATH_SEARCH_PATHS = (
					"$(inherited)",
					"@executable_path/Frameworks",
				);
				MARKETING_VERSION = 1.0;
				PRODUCT_BUNDLE_IDENTIFIER = com.recipes;
				PRODUCT_NAME = "$(TARGET_NAME)";
				PROVISIONING_PROFILE_SPECIFIER = "";
				SUPPORTED_PLATFORMS = "iphoneos iphonesimulator";
				SUPPORTS_MACCATALYST = NO;
				SUPPORTS_MAC_DESIGNED_FOR_IPHONE_IPAD = NO;
				SWIFT_EMIT_LOC_STRINGS = YES;
				SWIFT_VERSION = 5.0;
				TARGETED_DEVICE_FAMILY = "1,2";
			};
			name = Debug;
		};
		5F3AF7B32741B8AF0017E9E5 /* Release */ = {
			isa = XCBuildConfiguration;
			baseConfigurationReference = 388C5E69557224F2E7886345 /* Pods-Recipes.release.xcconfig */;
			buildSettings = {
				ALWAYS_EMBED_SWIFT_STANDARD_LIBRARIES = "$(inherited)";
				ASSETCATALOG_COMPILER_APPICON_NAME = AppIcon;
				ASSETCATALOG_COMPILER_GLOBAL_ACCENT_COLOR_NAME = AccentColor;
				CODE_SIGN_IDENTITY = "Apple Development";
				CODE_SIGN_STYLE = Automatic;
				CURRENT_PROJECT_VERSION = 1;
				DEVELOPMENT_TEAM = 69X2QW4Q3B;
				ENABLE_USER_SCRIPT_SANDBOXING = NO;
				GENERATE_INFOPLIST_FILE = YES;
				INFOPLIST_FILE = Recipes/Info.plist;
				INFOPLIST_KEY_CFBundleDisplayName = Recipes;
				INFOPLIST_KEY_LSApplicationCategoryType = "public.app-category.utilities";
				INFOPLIST_KEY_UIApplicationSupportsIndirectInputEvents = YES;
				INFOPLIST_KEY_UILaunchStoryboardName = LaunchScreen;
				INFOPLIST_KEY_UIMainStoryboardFile = LaunchScreen;
				INFOPLIST_KEY_UIStatusBarStyle = "";
				INFOPLIST_KEY_UISupportedInterfaceOrientations = "UIInterfaceOrientationPortrait UIInterfaceOrientationLandscapeLeft UIInterfaceOrientationLandscapeRight";
				INFOPLIST_KEY_UISupportedInterfaceOrientations_iPad = "UIInterfaceOrientationPortrait UIInterfaceOrientationPortraitUpsideDown UIInterfaceOrientationLandscapeLeft UIInterfaceOrientationLandscapeRight";
				INFOPLIST_KEY_UISupportedInterfaceOrientations_iPhone = "UIInterfaceOrientationPortrait UIInterfaceOrientationLandscapeLeft UIInterfaceOrientationLandscapeRight";
				IPHONEOS_DEPLOYMENT_TARGET = 16.4;
				LD_RUNPATH_SEARCH_PATHS = (
					"$(inherited)",
					"@executable_path/Frameworks",
				);
				MARKETING_VERSION = 1.0;
				PRODUCT_BUNDLE_IDENTIFIER = com.recipes;
				PRODUCT_NAME = "$(TARGET_NAME)";
				PROVISIONING_PROFILE_SPECIFIER = "";
				SUPPORTED_PLATFORMS = "iphoneos iphonesimulator";
				SUPPORTS_MACCATALYST = NO;
				SUPPORTS_MAC_DESIGNED_FOR_IPHONE_IPAD = NO;
				SWIFT_EMIT_LOC_STRINGS = YES;
				SWIFT_VERSION = 5.0;
				TARGETED_DEVICE_FAMILY = "1,2";
			};
			name = Release;
		};
		5F3AF7B52741B8AF0017E9E5 /* Debug */ = {
			isa = XCBuildConfiguration;
			baseConfigurationReference = 37C9DD2CEC881BBA64D7210D /* Pods-Recipes-RecipesTests.debug.xcconfig */;
			buildSettings = {
				ALWAYS_EMBED_SWIFT_STANDARD_LIBRARIES = "$(inherited)";
				BUNDLE_LOADER = "$(TEST_HOST)";
				CODE_SIGN_STYLE = Automatic;
				CURRENT_PROJECT_VERSION = 1;
				GENERATE_INFOPLIST_FILE = YES;
				IPHONEOS_DEPLOYMENT_TARGET = 16.4;
				LD_RUNPATH_SEARCH_PATHS = (
					"$(inherited)",
					"@executable_path/Frameworks",
					"@loader_path/Frameworks",
				);
				MARKETING_VERSION = 1.0;
				PRODUCT_BUNDLE_IDENTIFIER = com.recipes.test;
				PRODUCT_NAME = "$(TARGET_NAME)";
				SUPPORTED_PLATFORMS = "iphoneos iphonesimulator";
				SUPPORTS_MACCATALYST = NO;
				SUPPORTS_MAC_DESIGNED_FOR_IPHONE_IPAD = NO;
				SWIFT_EMIT_LOC_STRINGS = NO;
				SWIFT_VERSION = 5.0;
				TARGETED_DEVICE_FAMILY = "1,2";
				TEST_HOST = "$(BUILT_PRODUCTS_DIR)/Recipes.app/Recipes";
			};
			name = Debug;
		};
		5F3AF7B62741B8AF0017E9E5 /* Release */ = {
			isa = XCBuildConfiguration;
			baseConfigurationReference = 721F01F4AF24E1E83CBA09D8 /* Pods-Recipes-RecipesTests.release.xcconfig */;
			buildSettings = {
				ALWAYS_EMBED_SWIFT_STANDARD_LIBRARIES = "$(inherited)";
				BUNDLE_LOADER = "$(TEST_HOST)";
				CODE_SIGN_STYLE = Automatic;
				CURRENT_PROJECT_VERSION = 1;
				GENERATE_INFOPLIST_FILE = YES;
				IPHONEOS_DEPLOYMENT_TARGET = 16.4;
				LD_RUNPATH_SEARCH_PATHS = (
					"$(inherited)",
					"@executable_path/Frameworks",
					"@loader_path/Frameworks",
				);
				MARKETING_VERSION = 1.0;
				PRODUCT_BUNDLE_IDENTIFIER = com.recipes.test;
				PRODUCT_NAME = "$(TARGET_NAME)";
				SUPPORTED_PLATFORMS = "iphoneos iphonesimulator";
				SUPPORTS_MACCATALYST = NO;
				SUPPORTS_MAC_DESIGNED_FOR_IPHONE_IPAD = NO;
				SWIFT_EMIT_LOC_STRINGS = NO;
				SWIFT_VERSION = 5.0;
				TARGETED_DEVICE_FAMILY = "1,2";
				TEST_HOST = "$(BUILT_PRODUCTS_DIR)/Recipes.app/Recipes";
			};
			name = Release;
		};
/* End XCBuildConfiguration section */

/* Begin XCConfigurationList section */
		5F3AF7822741B8AD0017E9E5 /* Build configuration list for PBXProject "Recipes" */ = {
			isa = XCConfigurationList;
			buildConfigurations = (
				5F3AF7AF2741B8AF0017E9E5 /* Debug */,
				5F3AF7B02741B8AF0017E9E5 /* Release */,
			);
			defaultConfigurationIsVisible = 0;
			defaultConfigurationName = Release;
		};
		5F3AF7B12741B8AF0017E9E5 /* Build configuration list for PBXNativeTarget "Recipes" */ = {
			isa = XCConfigurationList;
			buildConfigurations = (
				5F3AF7B22741B8AF0017E9E5 /* Debug */,
				5F3AF7B32741B8AF0017E9E5 /* Release */,
			);
			defaultConfigurationIsVisible = 0;
			defaultConfigurationName = Release;
		};
		5F3AF7B42741B8AF0017E9E5 /* Build configuration list for PBXNativeTarget "RecipesTests" */ = {
			isa = XCConfigurationList;
			buildConfigurations = (
				5F3AF7B52741B8AF0017E9E5 /* Debug */,
				5F3AF7B62741B8AF0017E9E5 /* Release */,
			);
			defaultConfigurationIsVisible = 0;
			defaultConfigurationName = Release;
		};
/* End XCConfigurationList section */
	};
	rootObject = 5F3AF77F2741B8AD0017E9E5 /* Project object */;
}
